
Microsoft Visual Studio Solution File, Format Version 12.00
# Visual Studio Version 17
VisualStudioVersion = 17.14.36414.22
MinimumVisualStudioVersion = 10.0.40219.1
Project("{FAE04EC0-301F-11D3-BF4B-00C04F79EFBC}") = "Cactied.Localization", "Cactied.Localization\Cactied.Localization.csproj", "{EC949A5D-1663-4B6C-B66C-480BDFBCD125}"
EndProject
Project("{FAE04EC0-301F-11D3-BF4B-00C04F79EFBC}") = "Cactied.Localization.Test", "Cactied.Localization.Test\Cactied.Localization.Test.csproj", "{70D5203D-4CA1-4FD9-8E73-DD9334A28C4E}"
EndProject
Global
	GlobalSection(SolutionConfigurationPlatforms) = preSolution
		Debug|Any CPU = Debug|Any CPU
		Release|Any CPU = Release|Any CPU
	EndGlobalSection
	GlobalSection(ProjectConfigurationPlatforms) = postSolution
		{EC949A5D-1663-4B6C-B66C-480BDFBCD125}.Debug|Any CPU.ActiveCfg = Debug|Any CPU
		{EC949A5D-1663-4B6C-B66C-480BDFBCD125}.Debug|Any CPU.Build.0 = Debug|Any CPU
		{EC949A5D-1663-4B6C-B66C-480BDFBCD125}.Release|Any CPU.ActiveCfg = Release|Any CPU
		{EC949A5D-1663-4B6C-B66C-480BDFBCD125}.Release|Any CPU.Build.0 = Release|Any CPU
		{70D5203D-4CA1-4FD9-8E73-DD9334A28C4E}.Debug|Any CPU.ActiveCfg = Debug|Any CPU
		{70D5203D-4CA1-4FD9-8E73-DD9334A28C4E}.Debug|Any CPU.Build.0 = Debug|Any CPU
		{70D5203D-4CA1-4FD9-8E73-DD9334A28C4E}.Release|Any CPU.ActiveCfg = Release|Any CPU
		{70D5203D-4CA1-4FD9-8E73-DD9334A28C4E}.Release|Any CPU.Build.0 = Release|Any CPU
	EndGlobalSection
	GlobalSection(SolutionProperties) = preSolution
		HideSolutionNode = FALSE
	EndGlobalSection
	GlobalSection(ExtensibilityGlobals) = postSolution
		SolutionGuid = {70128606-48F8-413F-9780-F0BE1555840B}
	EndGlobalSection
EndGlobal
